
Microsoft Visual Studio Solution File, Format Version 12.00
Project("{FAE04EC0-301F-11D3-BF4B-00C04F79EFBC}") = "WebGui", "WebGui\WebGui.csproj", "{77E12C75-B971-4B55-A2EA-C215012F72E5}"
EndProject
Project("{FAE04EC0-301F-11D3-BF4B-00C04F79EFBC}") = "Domain", "Domain\Domain.csproj", "{E1043357-23CE-4463-80CF-497368E5133B}"
EndProject
Project("{FAE04EC0-301F-11D3-BF4B-00C04F79EFBC}") = "Model", "Model\Model.csproj", "{1F5EFE49-8368-4CFA-A675-E2C4966C56F7}"
EndProject
Global
	GlobalSection(SolutionConfigurationPlatforms) = preSolution
		Debug|Any CPU = Debug|Any CPU
		Release|Any CPU = Release|Any CPU
	EndGlobalSection
	GlobalSection(ProjectConfigurationPlatforms) = postSolution
		{77E12C75-B971-4B55-A2EA-C215012F72E5}.Debug|Any CPU.ActiveCfg = Debug|Any CPU
		{77E12C75-B971-4B55-A2EA-C215012F72E5}.Debug|Any CPU.Build.0 = Debug|Any CPU
		{77E12C75-B971-4B55-A2EA-C215012F72E5}.Release|Any CPU.ActiveCfg = Release|Any CPU
		{77E12C75-B971-4B55-A2EA-C215012F72E5}.Release|Any CPU.Build.0 = Release|Any CPU
		{E1043357-23CE-4463-80CF-497368E5133B}.Debug|Any CPU.ActiveCfg = Debug|Any CPU
		{E1043357-23CE-4463-80CF-497368E5133B}.Debug|Any CPU.Build.0 = Debug|Any CPU
		{E1043357-23CE-4463-80CF-497368E5133B}.Release|Any CPU.ActiveCfg = Release|Any CPU
		{E1043357-23CE-4463-80CF-497368E5133B}.Release|Any CPU.Build.0 = Release|Any CPU
		{1F5EFE49-8368-4CFA-A675-E2C4966C56F7}.Debug|Any CPU.ActiveCfg = Debug|Any CPU
		{1F5EFE49-8368-4CFA-A675-E2C4966C56F7}.Debug|Any CPU.Build.0 = Debug|Any CPU
		{1F5EFE49-8368-4CFA-A675-E2C4966C56F7}.Release|Any CPU.ActiveCfg = Release|Any CPU
		{1F5EFE49-8368-4CFA-A675-E2C4966C56F7}.Release|Any CPU.Build.0 = Release|Any CPU
	EndGlobalSection
EndGlobal
